
Microsoft Visual Studio Solution File, Format Version 12.00
# Visual Studio Version 17
VisualStudioVersion = 17.4.33213.308
MinimumVisualStudioVersion = 10.0.40219.1
Project("{FAE04EC0-301F-11D3-BF4B-00C04F79EFBC}") = "libreriaa_EESA", "libreriaa_EESA\libreriaa_EESA.csproj", "{35280FCC-203C-40CC-A8AB-2680328C75D4}"
EndProject
Global
	GlobalSection(SolutionConfigurationPlatforms) = preSolution
		Debug|Any CPU = Debug|Any CPU
		Release|Any CPU = Release|Any CPU
	EndGlobalSection
	GlobalSection(ProjectConfigurationPlatforms) = postSolution
		{35280FCC-203C-40CC-A8AB-2680328C75D4}.Debug|Any CPU.ActiveCfg = Debug|Any CPU
		{35280FCC-203C-40CC-A8AB-2680328C75D4}.Debug|Any CPU.Build.0 = Debug|Any CPU
		{35280FCC-203C-40CC-A8AB-2680328C75D4}.Release|Any CPU.ActiveCfg = Release|Any CPU
		{35280FCC-203C-40CC-A8AB-2680328C75D4}.Release|Any CPU.Build.0 = Release|Any CPU
	EndGlobalSection
	GlobalSection(SolutionProperties) = preSolution
		HideSolutionNode = FALSE
	EndGlobalSection
	GlobalSection(ExtensibilityGlobals) = postSolution
		SolutionGuid = {A7644652-2114-4266-96EF-C200A557B98E}
	EndGlobalSection
EndGlobal
